
Microsoft Visual Studio Solution File, Format Version 12.00
# Visual Studio Version 16
VisualStudioVersion = 16.0.28803.156
MinimumVisualStudioVersion = 10.0.40219.1
Project("{FAE04EC0-301F-11D3-BF4B-00C04F79EFBC}") = "RamUsage", "RamUsage\RamUsage.csproj", "{D51DF1F9-7837-481C-87DA-62F61B25DD82}"
EndProject
Project("{FAE04EC0-301F-11D3-BF4B-00C04F79EFBC}") = "UnitTestProject", "UnitTestProject\UnitTestProject.csproj", "{51BE9375-564E-4094-BD2E-94BC86DB33CD}"
EndProject
Global
	GlobalSection(SolutionConfigurationPlatforms) = preSolution
		Debug|Any CPU = Debug|Any CPU
		Release|Any CPU = Release|Any CPU
	EndGlobalSection
	GlobalSection(ProjectConfigurationPlatforms) = postSolution
		{D51DF1F9-7837-481C-87DA-62F61B25DD82}.Debug|Any CPU.ActiveCfg = Debug|Any CPU
		{D51DF1F9-7837-481C-87DA-62F61B25DD82}.Debug|Any CPU.Build.0 = Debug|Any CPU
		{D51DF1F9-7837-481C-87DA-62F61B25DD82}.Release|Any CPU.ActiveCfg = Release|Any CPU
		{D51DF1F9-7837-481C-87DA-62F61B25DD82}.Release|Any CPU.Build.0 = Release|Any CPU
		{51BE9375-564E-4094-BD2E-94BC86DB33CD}.Debug|Any CPU.ActiveCfg = Debug|Any CPU
		{51BE9375-564E-4094-BD2E-94BC86DB33CD}.Debug|Any CPU.Build.0 = Debug|Any CPU
		{51BE9375-564E-4094-BD2E-94BC86DB33CD}.Release|Any CPU.ActiveCfg = Release|Any CPU
		{51BE9375-564E-4094-BD2E-94BC86DB33CD}.Release|Any CPU.Build.0 = Release|Any CPU
	EndGlobalSection
	GlobalSection(SolutionProperties) = preSolution
		HideSolutionNode = FALSE
	EndGlobalSection
	GlobalSection(ExtensibilityGlobals) = postSolution
		SolutionGuid = {B253E0B3-9195-48D8-8B61-14E1637ABB34}
	EndGlobalSection
EndGlobal
